
Microsoft Visual Studio Solution File, Format Version 12.00
# Visual Studio Version 16
VisualStudioVersion = 16.0.29009.5
MinimumVisualStudioVersion = 10.0.40219.1
Project("{FAE04EC0-301F-11D3-BF4B-00C04F79EFBC}") = "CourseManager.UWP", "CourseManager.UWP\CourseManager.UWP.csproj", "{1B56EB87-A439-49A2-9759-3684AF7F9401}"
EndProject
Project("{FAE04EC0-301F-11D3-BF4B-00C04F79EFBC}") = "CourseManager.Android", "CourseManager.Android\CourseManager.Android.csproj", "{DD503832-3770-4593-8862-4016E326DB54}"
EndProject
Project("{FAE04EC0-301F-11D3-BF4B-00C04F79EFBC}") = "CourseManager.iOS", "CourseManager.iOS\CourseManager.iOS.csproj", "{E5C670B3-E565-4639-9125-E01E41A828EB}"
EndProject
Project("{FAE04EC0-301F-11D3-BF4B-00C04F79EFBC}") = "CourseManager", "CourseManager\CourseManager.csproj", "{DDB7AE46-D516-42D2-918A-D900F4C263A3}"
EndProject
Global
	GlobalSection(SolutionConfigurationPlatforms) = preSolution
		Debug|Any CPU = Debug|Any CPU
		Debug|ARM = Debug|ARM
		Debug|iPhone = Debug|iPhone
		Debug|iPhoneSimulator = Debug|iPhoneSimulator
		Debug|x64 = Debug|x64
		Debug|x86 = Debug|x86
		Release|Any CPU = Release|Any CPU
		Release|ARM = Release|ARM
		Release|iPhone = Release|iPhone
		Release|iPhoneSimulator = Release|iPhoneSimulator
		Release|x64 = Release|x64
		Release|x86 = Release|x86
	EndGlobalSection
	GlobalSection(ProjectConfigurationPlatforms) = postSolution
		{1B56EB87-A439-49A2-9759-3684AF7F9401}.Debug|Any CPU.ActiveCfg = Debug|x86
		{1B56EB87-A439-49A2-9759-3684AF7F9401}.Debug|Any CPU.Build.0 = Debug|x86
		{1B56EB87-A439-49A2-9759-3684AF7F9401}.Debug|Any CPU.Deploy.0 = Debug|x86
		{1B56EB87-A439-49A2-9759-3684AF7F9401}.Debug|ARM.ActiveCfg = Debug|ARM
		{1B56EB87-A439-49A2-9759-3684AF7F9401}.Debug|ARM.Build.0 = Debug|ARM
		{1B56EB87-A439-49A2-9759-3684AF7F9401}.Debug|ARM.Deploy.0 = Debug|ARM
		{1B56EB87-A439-49A2-9759-3684AF7F9401}.Debug|iPhone.ActiveCfg = Debug|x86
		{1B56EB87-A439-49A2-9759-3684AF7F9401}.Debug|iPhone.Build.0 = Debug|x86
		{1B56EB87-A439-49A2-9759-3684AF7F9401}.Debug|iPhone.Deploy.0 = Debug|x86
		{1B56EB87-A439-49A2-9759-3684AF7F9401}.Debug|iPhoneSimulator.ActiveCfg = Debug|x86
		{1B56EB87-A439-49A2-9759-3684AF7F9401}.Debug|iPhoneSimulator.Build.0 = Debug|x86
		{1B56EB87-A439-49A2-9759-3684AF7F9401}.Debug|iPhoneSimulator.Deploy.0 = Debug|x86
		{1B56EB87-A439-49A2-9759-3684AF7F9401}.Debug|x64.ActiveCfg = Debug|x64
		{1B56EB87-A439-49A2-9759-3684AF7F9401}.Debug|x64.Build.0 = Debug|x64
		{1B56EB87-A439-49A2-9759-3684AF7F9401}.Debug|x64.Deploy.0 = Debug|x64
		{1B56EB87-A439-49A2-9759-3684AF7F9401}.Debug|x86.ActiveCfg = Debug|x86
		{1B56EB87-A439-49A2-9759-3684AF7F9401}.Debug|x86.Build.0 = Debug|x86
		{1B56EB87-A439-49A2-9759-3684AF7F9401}.Debug|x86.Deploy.0 = Debug|x86
		{1B56EB87-A439-49A2-9759-3684AF7F9401}.Release|Any CPU.ActiveCfg = Release|x86
		{1B56EB87-A439-49A2-9759-3684AF7F9401}.Release|Any CPU.Build.0 = Release|x86
		{1B56EB87-A439-49A2-9759-3684AF7F9401}.Release|Any CPU.Deploy.0 = Release|x86
		{1B56EB87-A439-49A2-9759-3684AF7F9401}.Release|ARM.ActiveCfg = Release|ARM
		{1B56EB87-A439-49A2-9759-3684AF7F9401}.Release|ARM.Build.0 = Release|ARM
		{1B56EB87-A439-49A2-9759-3684AF7F9401}.Release|ARM.Deploy.0 = Release|ARM
		{1B56EB87-A439-49A2-9759-3684AF7F9401}.Release|iPhone.ActiveCfg = Release|x86
		{1B56EB87-A439-49A2-9759-3684AF7F9401}.Release|iPhone.Build.0 = Release|x86
		{1B56EB87-A439-49A2-9759-3684AF7F9401}.Release|iPhone.Deploy.0 = Release|x86
		{1B56EB87-A439-49A2-9759-3684AF7F9401}.Release|iPhoneSimulator.ActiveCfg = Release|x86
		{1B56EB87-A439-49A2-9759-3684AF7F9401}.Release|iPhoneSimulator.Build.0 = Release|x86
		{1B56EB87-A439-49A2-9759-3684AF7F9401}.Release|iPhoneSimulator.Deploy.0 = Release|x86
		{1B56EB87-A439-49A2-9759-3684AF7F9401}.Release|x64.ActiveCfg = Release|x64
		{1B56EB87-A439-49A2-9759-3684AF7F9401}.Release|x64.Build.0 = Release|x64
		{1B56EB87-A439-49A2-9759-3684AF7F9401}.Release|x64.Deploy.0 = Release|x64
		{1B56EB87-A439-49A2-9759-3684AF7F9401}.Release|x86.ActiveCfg = Release|x86
		{1B56EB87-A439-49A2-9759-3684AF7F9401}.Release|x86.Build.0 = Release|x86
		{1B56EB87-A439-49A2-9759-3684AF7F9401}.Release|x86.Deploy.0 = Release|x86
		{DD503832-3770-4593-8862-4016E326DB54}.Debug|Any CPU.ActiveCfg = Debug|Any CPU
		{DD503832-3770-4593-8862-4016E326DB54}.Debug|Any CPU.Build.0 = Debug|Any CPU
		{DD503832-3770-4593-8862-4016E326DB54}.Debug|Any CPU.Deploy.0 = Debug|Any CPU
		{DD503832-3770-4593-8862-4016E326DB54}.Debug|ARM.ActiveCfg = Debug|Any CPU
		{DD503832-3770-4593-8862-4016E326DB54}.Debug|ARM.Build.0 = Debug|Any CPU
		{DD503832-3770-4593-8862-4016E326DB54}.Debug|ARM.Deploy.0 = Debug|Any CPU
		{DD503832-3770-4593-8862-4016E326DB54}.Debug|iPhone.ActiveCfg = Debug|Any CPU
		{DD503832-3770-4593-8862-4016E326DB54}.Debug|iPhone.Build.0 = Debug|Any CPU
		{DD503832-3770-4593-8862-4016E326DB54}.Debug|iPhone.Deploy.0 = Debug|Any CPU
		{DD503832-3770-4593-8862-4016E326DB54}.Debug|iPhoneSimulator.ActiveCfg = Debug|Any CPU
		{DD503832-3770-4593-8862-4016E326DB54}.Debug|iPhoneSimulator.Build.0 = Debug|Any CPU
		{DD503832-3770-4593-8862-4016E326DB54}.Debug|iPhoneSimulator.Deploy.0 = Debug|Any CPU
		{DD503832-3770-4593-8862-4016E326DB54}.Debug|x64.ActiveCfg = Debug|Any CPU
		{DD503832-3770-4593-8862-4016E326DB54}.Debug|x64.Build.0 = Debug|Any CPU
		{DD503832-3770-4593-8862-4016E326DB54}.Debug|x64.Deploy.0 = Debug|Any CPU
		{DD503832-3770-4593-8862-4016E326DB54}.Debug|x86.ActiveCfg = Debug|Any CPU
		{DD503832-3770-4593-8862-4016E326DB54}.Debug|x86.Build.0 = Debug|Any CPU
		{DD503832-3770-4593-8862-4016E326DB54}.Debug|x86.Deploy.0 = Debug|Any CPU
		{DD503832-3770-4593-8862-4016E326DB54}.Release|Any CPU.ActiveCfg = Release|Any CPU
		{DD503832-3770-4593-8862-4016E326DB54}.Release|Any CPU.Build.0 = Release|Any CPU
		{DD503832-3770-4593-8862-4016E326DB54}.Release|Any CPU.Deploy.0 = Release|Any CPU
		{DD503832-3770-4593-8862-4016E326DB54}.Release|ARM.ActiveCfg = Release|Any CPU
		{DD503832-3770-4593-8862-4016E326DB54}.Release|ARM.Build.0 = Release|Any CPU
		{DD503832-3770-4593-8862-4016E326DB54}.Release|ARM.Deploy.0 = Release|Any CPU
		{DD503832-3770-4593-8862-4016E326DB54}.Release|iPhone.ActiveCfg = Release|Any CPU
		{DD503832-3770-4593-8862-4016E326DB54}.Release|iPhone.Build.0 = Release|Any CPU
		{DD503832-3770-4593-8862-4016E326DB54}.Release|iPhone.Deploy.0 = Release|Any CPU
		{DD503832-3770-4593-8862-4016E326DB54}.Release|iPhoneSimulator.ActiveCfg = Release|Any CPU
		{DD503832-3770-4593-8862-4016E326DB54}.Release|iPhoneSimulator.Build.0 = Release|Any CPU
		{DD503832-3770-4593-8862-4016E326DB54}.Release|iPhoneSimulator.Deploy.0 = Release|Any CPU
		{DD503832-3770-4593-8862-4016E326DB54}.Release|x64.ActiveCfg = Release|Any CPU
		{DD503832-3770-4593-8862-4016E326DB54}.Release|x64.Build.0 = Release|Any CPU
		{DD503832-3770-4593-8862-4016E326DB54}.Release|x64.Deploy.0 = Release|Any CPU
		{DD503832-3770-4593-8862-4016E326DB54}.Release|x86.ActiveCfg = Release|Any CPU
		{DD503832-3770-4593-8862-4016E326DB54}.Release|x86.Build.0 = Release|Any CPU
		{DD503832-3770-4593-8862-4016E326DB54}.Release|x86.Deploy.0 = Release|Any CPU
		{E5C670B3-E565-4639-9125-E01E41A828EB}.Debug|Any CPU.ActiveCfg = Debug|iPhone
		{E5C670B3-E565-4639-9125-E01E41A828EB}.Debug|Any CPU.Build.0 = Debug|iPhone
		{E5C670B3-E565-4639-9125-E01E41A828EB}.Debug|Any CPU.Deploy.0 = Debug|iPhone
		{E5C670B3-E565-4639-9125-E01E41A828EB}.Debug|ARM.ActiveCfg = Debug|iPhoneSimulator
		{E5C670B3-E565-4639-9125-E01E41A828EB}.Debug|ARM.Build.0 = Debug|iPhoneSimulator
		{E5C670B3-E565-4639-9125-E01E41A828EB}.Debug|ARM.Deploy.0 = Debug|iPhoneSimulator
		{E5C670B3-E565-4639-9125-E01E41A828EB}.Debug|iPhone.ActiveCfg = Debug|iPhone
		{E5C670B3-E565-4639-9125-E01E41A828EB}.Debug|iPhone.Build.0 = Debug|iPhone
		{E5C670B3-E565-4639-9125-E01E41A828EB}.Debug|iPhone.Deploy.0 = Debug|iPhone
		{E5C670B3-E565-4639-9125-E01E41A828EB}.Debug|iPhoneSimulator.ActiveCfg = Debug|iPhoneSimulator
		{E5C670B3-E565-4639-9125-E01E41A828EB}.Debug|iPhoneSimulator.Build.0 = Debug|iPhoneSimulator
		{E5C670B3-E565-4639-9125-E01E41A828EB}.Debug|iPhoneSimulator.Deploy.0 = Debug|iPhoneSimulator
		{E5C670B3-E565-4639-9125-E01E41A828EB}.Debug|x64.ActiveCfg = Debug|iPhone
		{E5C670B3-E565-4639-9125-E01E41A828EB}.Debug|x64.Build.0 = Debug|iPhone
		{E5C670B3-E565-4639-9125-E01E41A828EB}.Debug|x64.Deploy.0 = Debug|iPhone
		{E5C670B3-E565-4639-9125-E01E41A828EB}.Debug|x86.ActiveCfg = Debug|iPhone
		{E5C670B3-E565-4639-9125-E01E41A828EB}.Debug|x86.Build.0 = Debug|iPhone
		{E5C670B3-E565-4639-9125-E01E41A828EB}.Debug|x86.Deploy.0 = Debug|iPhone
		{E5C670B3-E565-4639-9125-E01E41A828EB}.Release|Any CPU.ActiveCfg = Release|iPhone
		{E5C670B3-E565-4639-9125-E01E41A828EB}.Release|Any CPU.Build.0 = Release|iPhone
		{E5C670B3-E565-4639-9125-E01E41A828EB}.Release|Any CPU.Deploy.0 = Release|iPhone
		{E5C670B3-E565-4639-9125-E01E41A828EB}.Release|ARM.ActiveCfg = Release|iPhone
		{E5C670B3-E565-4639-9125-E01E41A828EB}.Release|ARM.Build.0 = Release|iPhone
		{E5C670B3-E565-4639-9125-E01E41A828EB}.Release|ARM.Deploy.0 = Release|iPhone
		{E5C670B3-E565-4639-9125-E01E41A828EB}.Release|iPhone.ActiveCfg = Release|iPhone
		{E5C670B3-E565-4639-9125-E01E41A828EB}.Release|iPhone.Build.0 = Release|iPhone
		{E5C670B3-E565-4639-9125-E01E41A828EB}.Release|iPhone.Deploy.0 = Release|iPhone
		{E5C670B3-E565-4639-9125-E01E41A828EB}.Release|iPhoneSimulator.ActiveCfg = Release|iPhoneSimulator
		{E5C670B3-E565-4639-9125-E01E41A828EB}.Release|iPhoneSimulator.Build.0 = Release|iPhoneSimulator
		{E5C670B3-E565-4639-9125-E01E41A828EB}.Release|iPhoneSimulator.Deploy.0 = Release|iPhoneSimulator
		{E5C670B3-E565-4639-9125-E01E41A828EB}.Release|x64.ActiveCfg = Release|iPhone
		{E5C670B3-E565-4639-9125-E01E41A828EB}.Release|x64.Build.0 = Release|iPhone
		{E5C670B3-E565-4639-9125-E01E41A828EB}.Release|x64.Deploy.0 = Release|iPhone
		{E5C670B3-E565-4639-9125-E01E41A828EB}.Release|x86.ActiveCfg = Release|iPhone
		{E5C670B3-E565-4639-9125-E01E41A828EB}.Release|x86.Build.0 = Release|iPhone
		{E5C670B3-E565-4639-9125-E01E41A828EB}.Release|x86.Deploy.0 = Release|iPhone
		{DDB7AE46-D516-42D2-918A-D900F4C263A3}.Debug|Any CPU.ActiveCfg = Debug|Any CPU
		{DDB7AE46-D516-42D2-918A-D900F4C263A3}.Debug|Any CPU.Build.0 = Debug|Any CPU
		{DDB7AE46-D516-42D2-918A-D900F4C263A3}.Debug|Any CPU.Deploy.0 = Debug|Any CPU
		{DDB7AE46-D516-42D2-918A-D900F4C263A3}.Debug|ARM.ActiveCfg = Debug|Any CPU
		{DDB7AE46-D516-42D2-918A-D900F4C263A3}.Debug|ARM.Build.0 = Debug|Any CPU
		{DDB7AE46-D516-42D2-918A-D900F4C263A3}.Debug|ARM.Deploy.0 = Debug|Any CPU
		{DDB7AE46-D516-42D2-918A-D900F4C263A3}.Debug|iPhone.ActiveCfg = Debug|Any CPU
		{DDB7AE46-D516-42D2-918A-D900F4C263A3}.Debug|iPhone.Build.0 = Debug|Any CPU
		{DDB7AE46-D516-42D2-918A-D900F4C263A3}.Debug|iPhone.Deploy.0 = Debug|Any CPU
		{DDB7AE46-D516-42D2-918A-D900F4C263A3}.Debug|iPhoneSimulator.ActiveCfg = Debug|Any CPU
		{DDB7AE46-D516-42D2-918A-D900F4C263A3}.Debug|iPhoneSimulator.Build.0 = Debug|Any CPU
		{DDB7AE46-D516-42D2-918A-D900F4C263A3}.Debug|iPhoneSimulator.Deploy.0 = Debug|Any CPU
		{DDB7AE46-D516-42D2-918A-D900F4C263A3}.Debug|x64.ActiveCfg = Debug|Any CPU
		{DDB7AE46-D516-42D2-918A-D900F4C263A3}.Debug|x64.Build.0 = Debug|Any CPU
		{DDB7AE46-D516-42D2-918A-D900F4C263A3}.Debug|x64.Deploy.0 = Debug|Any CPU
		{DDB7AE46-D516-42D2-918A-D900F4C263A3}.Debug|x86.ActiveCfg = Debug|Any CPU
		{DDB7AE46-D516-42D2-918A-D900F4C263A3}.Debug|x86.Build.0 = Debug|Any CPU
		{DDB7AE46-D516-42D2-918A-D900F4C263A3}.Debug|x86.Deploy.0 = Debug|Any CPU
		{DDB7AE46-D516-42D2-918A-D900F4C263A3}.Release|Any CPU.ActiveCfg = Release|Any CPU
		{DDB7AE46-D516-42D2-918A-D900F4C263A3}.Release|Any CPU.Build.0 = Release|Any CPU
		{DDB7AE46-D516-42D2-918A-D900F4C263A3}.Release|Any CPU.Deploy.0 = Release|Any CPU
		{DDB7AE46-D516-42D2-918A-D900F4C263A3}.Release|ARM.ActiveCfg = Release|Any CPU
		{DDB7AE46-D516-42D2-918A-D900F4C263A3}.Release|ARM.Build.0 = Release|Any CPU
		{DDB7AE46-D516-42D2-918A-D900F4C263A3}.Release|ARM.Deploy.0 = Release|Any CPU
		{DDB7AE46-D516-42D2-918A-D900F4C263A3}.Release|iPhone.ActiveCfg = Release|Any CPU
		{DDB7AE46-D516-42D2-918A-D900F4C263A3}.Release|iPhone.Build.0 = Release|Any CPU
		{DDB7AE46-D516-42D2-918A-D900F4C263A3}.Release|iPhone.Deploy.0 = Release|Any CPU
		{DDB7AE46-D516-42D2-918A-D900F4C263A3}.Release|iPhoneSimulator.ActiveCfg = Release|Any CPU
		{DDB7AE46-D516-42D2-918A-D900F4C263A3}.Release|iPhoneSimulator.Build.0 = Release|Any CPU
		{DDB7AE46-D516-42D2-918A-D900F4C263A3}.Release|iPhoneSimulator.Deploy.0 = Release|Any CPU
		{DDB7AE46-D516-42D2-918A-D900F4C263A3}.Release|x64.ActiveCfg = Release|Any CPU
		{DDB7AE46-D516-42D2-918A-D900F4C263A3}.Release|x64.Build.0 = Release|Any CPU
		{DDB7AE46-D516-42D2-918A-D900F4C263A3}.Release|x64.Deploy.0 = Release|Any CPU
		{DDB7AE46-D516-42D2-918A-D900F4C263A3}.Release|x86.ActiveCfg = Release|Any CPU
		{DDB7AE46-D516-42D2-918A-D900F4C263A3}.Release|x86.Build.0 = Release|Any CPU
		{DDB7AE46-D516-42D2-918A-D900F4C263A3}.Release|x86.Deploy.0 = Release|Any CPU
	EndGlobalSection
	GlobalSection(SolutionProperties) = preSolution
		HideSolutionNode = FALSE
	EndGlobalSection
	GlobalSection(ExtensibilityGlobals) = postSolution
		SolutionGuid = {7D73CD57-7ECB-4412-883E-D0B026689A85}
	EndGlobalSection
EndGlobal
